{
  "version": 4,
  "terraform_version": "1.15.7",
  "serial": 14,
  "lineage": "ca41a5cf-3ab8-0879-f390-7dfa849baab8",
  "outputs": {},
  "resources": [
    {
      "mode": "managed",
      "type": "google_bigquery_connection",
      "name": "postgres_connection",
      "provider": "provider[\"registry.terraform.io/hashicorp/google\"]",
      "instances": [
        {
          "schema_version": 0,
          "attributes": {
            "aws": [],
            "azure": [],
            "cloud_resource": [],
            "cloud_spanner": [],
            "cloud_sql": [
              {
                "credential": [
                  {
                    "password": "SecurePassword123!",
                    "username": "bq_user"
                  }
                ],
                "database": "operational_db",
                "instance_id": "curso-gcp-bigquery:us-central1:postgres-lab09-instance",
                "service_account_id": "service-689268403227@gcp-sa-bigqueryconnection.iam.gserviceaccount.com",
                "type": "POSTGRES"
              }
            ],
            "configuration": [],
            "connection_id": "postgres-conn",
            "deletion_policy": "DELETE",
            "description": "",
            "friendly_name": "Cloud SQL Postgres Connection",
            "has_credential": true,
            "id": "projects/curso-gcp-bigquery/locations/US/connections/postgres-conn",
            "kms_key_name": "",
            "location": "US",
            "name": "projects/689268403227/locations/us/connections/postgres-conn",
            "project": "curso-gcp-bigquery",
            "spark": [],
            "timeouts": null
          },
          "sensitive_attributes": [
            [
              {
                "type": "get_attr",
                "value": "cloud_sql"
              },
              {
                "type": "index",
                "value": {
                  "value": 0,
                  "type": "number"
                }
              },
              {
                "type": "get_attr",
                "value": "credential"
              },
              {
                "type": "index",
                "value": {
                  "value": 0,
                  "type": "number"
                }
              },
              {
                "type": "get_attr",
                "value": "password"
              }
            ]
          ],
          "identity_schema_version": 1,
          "identity": {
            "connection_id": "postgres-conn",
            "location": "US",
            "project": "curso-gcp-bigquery"
          },
          "private": "eyJlMmJmYjczMC1lY2FhLTExZTYtOGY4OC0zNDM2M2JjN2M0YzAiOnsiY3JlYXRlIjoxMjAwMDAwMDAwMDAwLCJkZWxldGUiOjEyMDAwMDAwMDAwMDAsInVwZGF0ZSI6MTIwMDAwMDAwMDAwMH19",
          "dependencies": [
            "google_sql_database.postgres_db",
            "google_sql_database_instance.postgres_instance",
            "google_sql_user.postgres_user"
          ]
        }
      ]
    },
    {
      "mode": "managed",
      "type": "google_bigquery_dataset",
      "name": "dataset",
      "provider": "provider[\"registry.terraform.io/hashicorp/google\"]",
      "instances": [
        {
          "schema_version": 0,
          "attributes": {
            "access": [
              {
                "condition": [],
                "dataset": [],
                "domain": "",
                "group_by_email": "",
                "iam_member": "",
                "role": "OWNER",
                "routine": [],
                "special_group": "",
                "user_by_email": "eduardomartinezagrelo@gmail.com",
                "view": []
              },
              {
                "condition": [],
                "dataset": [],
                "domain": "",
                "group_by_email": "",
                "iam_member": "",
                "role": "OWNER",
                "routine": [],
                "special_group": "projectOwners",
                "user_by_email": "",
                "view": []
              },
              {
                "condition": [],
                "dataset": [],
                "domain": "",
                "group_by_email": "",
                "iam_member": "",
                "role": "READER",
                "routine": [],
                "special_group": "projectReaders",
                "user_by_email": "",
                "view": []
              },
              {
                "condition": [],
                "dataset": [],
                "domain": "",
                "group_by_email": "",
                "iam_member": "",
                "role": "WRITER",
                "routine": [],
                "special_group": "projectWriters",
                "user_by_email": "",
                "view": []
              }
            ],
            "creation_time": 1783088459675,
            "dataset_id": "lab09_dataset",
            "default_collation": "",
            "default_encryption_configuration": [],
            "default_partition_expiration_ms": 0,
            "default_table_expiration_ms": 3600000,
            "delete_contents_on_destroy": false,
            "deletion_policy": "DELETE",
            "description": "Dataset para pruebas de Consultas Federadas con Cloud SQL",
            "effective_labels": {
              "goog-terraform-provisioned": "true"
            },
            "etag": "i8DV7fe3bGbx+LoHAOcPnQ==",
            "external_catalog_dataset_options": [],
            "external_dataset_reference": [],
            "friendly_name": "Lab 09 Dataset",
            "id": "projects/curso-gcp-bigquery/datasets/lab09_dataset",
            "is_case_insensitive": false,
            "labels": {},
            "last_modified_time": 1783089040411,
            "location": "US",
            "max_time_travel_hours": "168",
            "project": "curso-gcp-bigquery",
            "resource_tags": {},
            "self_link": "https://bigquery.googleapis.com/bigquery/v2/projects/curso-gcp-bigquery/datasets/lab09_dataset",
            "storage_billing_model": "",
            "terraform_labels": {
              "goog-terraform-provisioned": "true"
            },
            "timeouts": null
          },
          "sensitive_attributes": [],
          "identity_schema_version": 1,
          "identity": {
            "dataset_id": "lab09_dataset",
            "project": "curso-gcp-bigquery"
          },
          "private": "eyJlMmJmYjczMC1lY2FhLTExZTYtOGY4OC0zNDM2M2JjN2M0YzAiOnsiY3JlYXRlIjoxMjAwMDAwMDAwMDAwLCJkZWxldGUiOjEyMDAwMDAwMDAwMDAsInVwZGF0ZSI6MTIwMDAwMDAwMDAwMH19"
        }
      ]
    },
    {
      "mode": "managed",
      "type": "google_bigquery_table",
      "name": "order_summaries",
      "provider": "provider[\"registry.terraform.io/hashicorp/google\"]",
      "instances": [
        {
          "schema_version": 0,
          "attributes": {
            "biglake_configuration": [],
            "clustering": null,
            "creation_time": 1783088460455,
            "dataset_id": "lab09_dataset",
            "deletion_policy": "DELETE",
            "deletion_protection": true,
            "description": "",
            "effective_labels": {
              "goog-terraform-provisioned": "true"
            },
            "encryption_configuration": [],
            "etag": "LiK1U8z/HqR8S42amjpECA==",
            "expiration_time": 1783448460455,
            "external_catalog_table_options": [],
            "external_data_configuration": [],
            "friendly_name": "",
            "generated_schema_columns": "",
            "id": "projects/curso-gcp-bigquery/datasets/lab09_dataset/tables/order_summaries",
            "ignore_auto_generated_schema": false,
            "ignore_schema_changes": null,
            "labels": {},
            "last_modified_time": 1783089318255,
            "location": "US",
            "materialized_view": [],
            "max_staleness": "",
            "num_bytes": 88,
            "num_long_term_bytes": 0,
            "num_rows": 4,
            "project": "curso-gcp-bigquery",
            "range_partitioning": [],
            "require_partition_filter": false,
            "resource_tags": {},
            "schema": "[{\"mode\":\"REQUIRED\",\"name\":\"customer_id\",\"type\":\"STRING\"},{\"mode\":\"REQUIRED\",\"name\":\"total_orders\",\"type\":\"INTEGER\"},{\"mode\":\"REQUIRED\",\"name\":\"total_spent\",\"type\":\"FLOAT\"}]",
            "schema_foreign_type_info": [],
            "self_link": "https://bigquery.googleapis.com/bigquery/v2/projects/curso-gcp-bigquery/datasets/lab09_dataset/tables/order_summaries",
            "table_constraints": [],
            "table_id": "order_summaries",
            "table_metadata_view": null,
            "table_replication_info": [],
            "terraform_labels": {
              "goog-terraform-provisioned": "true"
            },
            "time_partitioning": [],
            "type": "TABLE",
            "view": []
          },
          "sensitive_attributes": [],
          "identity_schema_version": 0,
          "private": "bnVsbA==",
          "dependencies": [
            "google_bigquery_dataset.dataset"
          ]
        }
      ]
    },
    {
      "mode": "managed",
      "type": "google_project_iam_member",
      "name": "connection_sql_client",
      "provider": "provider[\"registry.terraform.io/hashicorp/google\"]",
      "instances": [
        {
          "schema_version": 0,
          "attributes": {
            "condition": [],
            "etag": "BwZVtcUZjGE=",
            "id": "curso-gcp-bigquery/roles/cloudsql.client/serviceAccount:service-689268403227@gcp-sa-bigqueryconnection.iam.gserviceaccount.com",
            "member": "serviceAccount:service-689268403227@gcp-sa-bigqueryconnection.iam.gserviceaccount.com",
            "project": "curso-gcp-bigquery",
            "role": "roles/cloudsql.client"
          },
          "sensitive_attributes": [],
          "identity_schema_version": 1,
          "identity": {
            "condition_title": null,
            "member": "serviceAccount:service-689268403227@gcp-sa-bigqueryconnection.iam.gserviceaccount.com",
            "project": "curso-gcp-bigquery",
            "role": "roles/cloudsql.client"
          },
          "private": "bnVsbA==",
          "dependencies": [
            "google_bigquery_connection.postgres_connection",
            "google_sql_database.postgres_db",
            "google_sql_database_instance.postgres_instance",
            "google_sql_user.postgres_user"
          ]
        }
      ]
    },
    {
      "mode": "managed",
      "type": "google_sql_database",
      "name": "postgres_db",
      "provider": "provider[\"registry.terraform.io/hashicorp/google\"]",
      "instances": [
        {
          "schema_version": 0,
          "attributes": {
            "charset": "UTF8",
            "collation": "en_US.UTF8",
            "deletion_policy": "DELETE",
            "id": "projects/curso-gcp-bigquery/instances/postgres-lab09-instance/databases/operational_db",
            "instance": "postgres-lab09-instance",
            "name": "operational_db",
            "project": "curso-gcp-bigquery",
            "self_link": "https://sqladmin.googleapis.com/sql/v1beta4/projects/curso-gcp-bigquery/instances/postgres-lab09-instance/databases/operational_db",
            "timeouts": null
          },
          "sensitive_attributes": [],
          "identity_schema_version": 1,
          "identity": {
            "instance": "postgres-lab09-instance",
            "name": "operational_db",
            "project": "curso-gcp-bigquery"
          },
          "private": "eyJlMmJmYjczMC1lY2FhLTExZTYtOGY4OC0zNDM2M2JjN2M0YzAiOnsiY3JlYXRlIjoxMjAwMDAwMDAwMDAwLCJkZWxldGUiOjEyMDAwMDAwMDAwMDAsInVwZGF0ZSI6MTIwMDAwMDAwMDAwMH19",
          "dependencies": [
            "google_sql_database_instance.postgres_instance"
          ]
        }
      ]
    },
    {
      "mode": "managed",
      "type": "google_sql_database_instance",
      "name": "postgres_instance",
      "provider": "provider[\"registry.terraform.io/hashicorp/google\"]",
      "instances": [
        {
          "schema_version": 0,
          "attributes": {
            "available_maintenance_versions": [],
            "backupdr_backup": null,
            "clone": [],
            "connection_name": "curso-gcp-bigquery:us-central1:postgres-lab09-instance",
            "database_version": "POSTGRES_15",
            "deletion_policy": "DELETE",
            "deletion_protection": false,
            "dns_name": "",
            "dns_names": [],
            "encryption_key_name": null,
            "final_backup_description": null,
            "first_ip_address": "34.134.30.87",
            "id": "postgres-lab09-instance",
            "instance_type": "CLOUD_SQL_INSTANCE",
            "ip_address": [
              {
                "ip_address": "34.134.30.87",
                "time_to_retire": "",
                "type": "PRIMARY"
              },
              {
                "ip_address": "136.115.180.177",
                "time_to_retire": "",
                "type": "OUTGOING"
              }
            ],
            "maintenance_version": "POSTGRES_15_18.R20260319.07_14",
            "master_instance_name": "",
            "name": "postgres-lab09-instance",
            "node_count": 0,
            "point_in_time_restore_context": [],
            "private_ip_address": "",
            "project": "curso-gcp-bigquery",
            "psc_service_attachment_link": "",
            "public_ip_address": "34.134.30.87",
            "region": "us-central1",
            "replica_configuration": [],
            "replica_names": [],
            "replication_cluster": [
              {
                "dr_replica": false,
                "failover_dr_replica_name": "",
                "psa_write_endpoint": ""
              }
            ],
            "restore_backup_context": [],
            "root_password": null,
            "root_password_wo": null,
            "root_password_wo_version": null,
            "self_link": "https://sqladmin.googleapis.com/sql/v1beta4/projects/curso-gcp-bigquery/instances/postgres-lab09-instance",
            "server_ca_cert": [
              {
                "cert": "-----BEGIN CERTIFICATE-----\nMIIDcTCCAlmgAwIBAgIBADANBgkqhkiG9w0BAQsFADBwMS0wKwYDVQQuEyQwNjk5\nM2NiZS02YWI5LTQzMWQtOTBhZC1mOTZhNDI3ZTVhMTQxHDAaBgNVBAMTE0Nsb3Vk\nIFNRTCBTZXJ2ZXIgQ0ExFDASBgNVBAoTC0dvb2dsZSwgSW5jMQswCQYDVQQGEwJV\nUzAeFw0yNjA3MDMxNDIxMjBaFw0zNjA2MzAxNDIyMjBaMHAxLTArBgNVBC4TJDA2\nOTkzY2JlLTZhYjktNDMxZC05MGFkLWY5NmE0MjdlNWExNDEcMBoGA1UEAxMTQ2xv\ndWQgU1FMIFNlcnZlciBDQTEUMBIGA1UEChMLR29vZ2xlLCBJbmMxCzAJBgNVBAYT\nAlVTMIIBIjANBgkqhkiG9w0BAQEFAAOCAQ8AMIIBCgKCAQEAvzIC6lChZ4f8yAme\nMKkyMjUQFI0BK+WaBWRHUn+wGmxUAL3odwADZpJzovBdv2vu97m5HoI1wqSOihn2\nNL7bQ2ZrRa9eZxm58pSpWLIvyvWNEK6YsRhlpS9EzmORE2eopVQbr5xbAuPcrnSo\nQwPle6IDfybIi6f7/xfYSZCP7cVybpDXxMQygcd2wg9XohG1GO6M/P7xjFsgA1gw\noL+ql20lufZkOwWyTvqdqDON16JtfQgyiBzYtsp0rXkjdbSoRaTV3jureK8Kb1w0\nQI2i3R82TIPo6lW2IfKLlvLMVrbDmkoQE346MptyOGiiR2lCr+ni25SY6wtcmKy9\niYc2CQIDAQABoxYwFDASBgNVHRMBAf8ECDAGAQH/AgEAMA0GCSqGSIb3DQEBCwUA\nA4IBAQCuW0cQiHEScVv8WOum+z3Md01T5i8qBtHfu0B9UAcjQslHA+O86kU8MFnf\nANm9Qk9RwENq4x5SiodL+hPX7YPJGSnavscx7ukgek9DkPCY3bKFnITOoEoC2/gL\nusguzVVIKa+EFLtU0tzRhaTT06Z040aHR5ARj+62bQz9Nmrx5rJdLBVgeaSCKNHD\nf6NWc6llNeNBH34YDybNlFR755tnIcrdMB+27ZiFAyj+01DN40nvIX3e7ZWJow1X\nlGiTcQ9zl58opO4fUQiJG/8WiYDZlzCFUbujKtV77cHM9ZEJZcC8n7EA8mFbnNtX\n4MhL+c2gTfShz0e7IxP98OG6IMX6\n-----END CERTIFICATE-----",
                "common_name": "C=US,O=Google\\, Inc,CN=Cloud SQL Server CA,dnQualifier=06993cbe-6ab9-431d-90ad-f96a427e5a14",
                "create_time": "2026-07-03T14:21:20.045Z",
                "expiration_time": "2036-06-30T14:22:20.045Z",
                "sha1_fingerprint": "195267e4188bf65ff9a7bb828c29d043bac1e7c2"
              }
            ],
            "service_account_email_address": "p689268403227-s2rtzi@gcp-sa-cloud-sql.iam.gserviceaccount.com",
            "settings": [
              {
                "activation_policy": "ALWAYS",
                "active_directory_config": [],
                "advanced_machine_features": [],
                "auto_upgrade_enabled": false,
                "availability_type": "ZONAL",
                "backup_configuration": [
                  {
                    "backup_retention_settings": [
                      {
                        "retained_backups": 7,
                        "retention_unit": "COUNT"
                      }
                    ],
                    "backup_tier": "STANDARD",
                    "binary_log_enabled": false,
                    "enabled": false,
                    "location": "",
                    "point_in_time_recovery_enabled": false,
                    "start_time": "00:00",
                    "transaction_log_retention_days": 7
                  }
                ],
                "collation": "",
                "connection_pool_config": [],
                "connector_enforcement": "NOT_REQUIRED",
                "data_api_access": "",
                "data_cache_config": [
                  {
                    "data_cache_enabled": false
                  }
                ],
                "data_disk_provisioned_iops": 0,
                "data_disk_provisioned_throughput": 0,
                "database_flags": [],
                "deletion_protection_enabled": false,
                "deny_maintenance_period": [],
                "disk_autoresize": true,
                "disk_autoresize_limit": 0,
                "disk_size": 10,
                "disk_type": "PD_SSD",
                "edition": "ENTERPRISE",
                "effective_availability_type": "ZONAL",
                "enable_dataplex_integration": false,
                "enable_google_ml_integration": false,
                "entraid_config": [],
                "final_backup_config": [],
                "insights_config": [],
                "ip_configuration": [
                  {
                    "allocated_ip_range": "",
                    "authorized_networks": [
                      {
                        "expiration_time": "",
                        "name": "all-networks",
                        "value": "0.0.0.0/0"
                      }
                    ],
                    "custom_subject_alternative_names": [],
                    "enable_private_path_for_google_cloud_services": false,
                    "ipv4_enabled": true,
                    "private_network": "",
                    "psc_config": [],
                    "server_ca_mode": "GOOGLE_MANAGED_INTERNAL_CA",
                    "server_ca_pool": "",
                    "server_certificate_rotation_mode": "SERVER_CERTIFICATE_ROTATION_MODE_UNSPECIFIED",
                    "ssl_mode": "ALLOW_UNENCRYPTED_AND_ENCRYPTED"
                  }
                ],
                "location_preference": [
                  {
                    "follow_gae_application": "",
                    "secondary_zone": "",
                    "zone": "us-central1-f"
                  }
                ],
                "maintenance_window": [],
                "password_validation_policy": [],
                "pricing_plan": "PER_USE",
                "read_pool_auto_scale_config": [
                  {
                    "disable_scale_in": false,
                    "enabled": false,
                    "max_node_count": 0,
                    "min_node_count": 0,
                    "scale_in_cooldown_seconds": 0,
                    "scale_out_cooldown_seconds": 0,
                    "target_metrics": []
                  }
                ],
                "retain_backups_on_delete": false,
                "sql_server_audit_config": [],
                "tier": "db-f1-micro",
                "time_zone": "",
                "user_labels": {},
                "version": 1
              }
            ],
            "timeouts": null
          },
          "sensitive_attributes": [
            [
              {
                "type": "get_attr",
                "value": "root_password"
              }
            ],
            [
              {
                "type": "get_attr",
                "value": "server_ca_cert"
              }
            ]
          ],
          "identity_schema_version": 0,
          "private": "eyJlMmJmYjczMC1lY2FhLTExZTYtOGY4OC0zNDM2M2JjN2M0YzAiOnsiY3JlYXRlIjo1NDAwMDAwMDAwMDAwLCJkZWxldGUiOjU0MDAwMDAwMDAwMDAsInVwZGF0ZSI6NTQwMDAwMDAwMDAwMH19"
        }
      ]
    },
    {
      "mode": "managed",
      "type": "google_sql_user",
      "name": "postgres_user",
      "provider": "provider[\"registry.terraform.io/hashicorp/google\"]",
      "instances": [
        {
          "schema_version": 1,
          "attributes": {
            "database_roles": null,
            "deletion_policy": "DELETE",
            "host": "",
            "iam_email": "",
            "id": "bq_user//postgres-lab09-instance",
            "instance": "postgres-lab09-instance",
            "name": "bq_user",
            "password": "SecurePassword123!",
            "password_policy": [],
            "password_wo": null,
            "password_wo_version": null,
            "project": "curso-gcp-bigquery",
            "sql_server_user_details": [],
            "timeouts": null,
            "type": ""
          },
          "sensitive_attributes": [
            [
              {
                "type": "get_attr",
                "value": "password"
              }
            ]
          ],
          "identity_schema_version": 0,
          "private": "eyJlMmJmYjczMC1lY2FhLTExZTYtOGY4OC0zNDM2M2JjN2M0YzAiOnsiY3JlYXRlIjo2MDAwMDAwMDAwMDAsImRlbGV0ZSI6NjAwMDAwMDAwMDAwLCJ1cGRhdGUiOjYwMDAwMDAwMDAwMH0sInNjaGVtYV92ZXJzaW9uIjoiMSJ9",
          "dependencies": [
            "google_sql_database_instance.postgres_instance"
          ]
        }
      ]
    }
  ],
  "check_results": null
}
