{
  "version": 4,
  "terraform_version": "1.15.7",
  "serial": 3,
  "lineage": "7e50d61e-9fe3-25a8-37ed-b1fa3335f9b5",
  "outputs": {},
  "resources": [
    {
      "mode": "managed",
      "type": "google_bigquery_dataset",
      "name": "raw_dataset",
      "provider": "provider[\"registry.terraform.io/hashicorp/google\"]",
      "instances": [
        {
          "schema_version": 0,
          "attributes": {
            "access": [
              {
                "dataset": [],
                "domain": "",
                "group_by_email": "",
                "iam_member": "",
                "role": "OWNER",
                "routine": [],
                "special_group": "",
                "user_by_email": "eduardomartinezagrelo@gmail.com",
                "view": []
              },
              {
                "dataset": [],
                "domain": "",
                "group_by_email": "",
                "iam_member": "",
                "role": "OWNER",
                "routine": [],
                "special_group": "projectOwners",
                "user_by_email": "",
                "view": []
              },
              {
                "dataset": [],
                "domain": "",
                "group_by_email": "",
                "iam_member": "",
                "role": "READER",
                "routine": [],
                "special_group": "projectReaders",
                "user_by_email": "",
                "view": []
              },
              {
                "dataset": [],
                "domain": "",
                "group_by_email": "",
                "iam_member": "",
                "role": "WRITER",
                "routine": [],
                "special_group": "projectWriters",
                "user_by_email": "",
                "view": []
              }
            ],
            "creation_time": 1783090135370,
            "dataset_id": "lab10_raw",
            "default_collation": "",
            "default_encryption_configuration": [],
            "default_partition_expiration_ms": 0,
            "default_table_expiration_ms": 360000000,
            "delete_contents_on_destroy": false,
            "description": "Dataset de datos crudos para transformaciones de dbt",
            "effective_labels": {},
            "etag": "czvXYB6XxKDeQrbd3tx0Tw==",
            "external_dataset_reference": [],
            "friendly_name": "Lab 10 Raw Data",
            "id": "projects/curso-gcp-bigquery/datasets/lab10_raw",
            "is_case_insensitive": false,
            "labels": null,
            "last_modified_time": 1783090135370,
            "location": "US",
            "max_time_travel_hours": "168",
            "project": "curso-gcp-bigquery",
            "resource_tags": null,
            "self_link": "https://bigquery.googleapis.com/bigquery/v2/projects/curso-gcp-bigquery/datasets/lab10_raw",
            "storage_billing_model": "",
            "terraform_labels": {},
            "timeouts": null
          },
          "sensitive_attributes": [],
          "identity_schema_version": 0,
          "private": "eyJlMmJmYjczMC1lY2FhLTExZTYtOGY4OC0zNDM2M2JjN2M0YzAiOnsiY3JlYXRlIjoxMjAwMDAwMDAwMDAwLCJkZWxldGUiOjEyMDAwMDAwMDAwMDAsInVwZGF0ZSI6MTIwMDAwMDAwMDAwMH19"
        }
      ]
    },
    {
      "mode": "managed",
      "type": "google_bigquery_table",
      "name": "raw_orders",
      "provider": "provider[\"registry.terraform.io/hashicorp/google\"]",
      "instances": [
        {
          "schema_version": 0,
          "attributes": {
            "allow_resource_tags_on_deletion": false,
            "clustering": null,
            "creation_time": 1783090136056,
            "dataset_id": "lab10_raw",
            "deletion_protection": true,
            "description": "",
            "effective_labels": {},
            "encryption_configuration": [],
            "etag": "RsZ/KJE9nGDCGPuVjFhMNQ==",
            "expiration_time": 1783450136056,
            "external_data_configuration": [],
            "friendly_name": "",
            "id": "projects/curso-gcp-bigquery/datasets/lab10_raw/tables/raw_orders",
            "labels": null,
            "last_modified_time": 1783090136143,
            "location": "US",
            "materialized_view": [],
            "max_staleness": "",
            "num_bytes": 0,
            "num_long_term_bytes": 0,
            "num_rows": 0,
            "project": "curso-gcp-bigquery",
            "range_partitioning": [],
            "require_partition_filter": false,
            "resource_tags": null,
            "schema": "[{\"mode\":\"REQUIRED\",\"name\":\"order_id\",\"type\":\"INTEGER\"},{\"mode\":\"REQUIRED\",\"name\":\"customer_id\",\"type\":\"STRING\"},{\"mode\":\"REQUIRED\",\"name\":\"order_date\",\"type\":\"STRING\"},{\"mode\":\"REQUIRED\",\"name\":\"amount\",\"type\":\"FLOAT\"},{\"mode\":\"NULLABLE\",\"name\":\"status\",\"type\":\"STRING\"}]",
            "self_link": "https://bigquery.googleapis.com/bigquery/v2/projects/curso-gcp-bigquery/datasets/lab10_raw/tables/raw_orders",
            "table_constraints": [],
            "table_id": "raw_orders",
            "table_replication_info": [],
            "terraform_labels": {},
            "time_partitioning": [],
            "type": "TABLE",
            "view": []
          },
          "sensitive_attributes": [],
          "identity_schema_version": 0,
          "private": "bnVsbA==",
          "dependencies": [
            "google_bigquery_dataset.raw_dataset"
          ]
        }
      ]
    }
  ],
  "check_results": null
}
