{
  "version": 4,
  "terraform_version": "1.15.7",
  "serial": 11,
  "lineage": "748df344-92ce-8d59-4d6f-bad259f66c97",
  "outputs": {},
  "resources": [
    {
      "mode": "managed",
      "type": "google_bigquery_dataset",
      "name": "dataset",
      "provider": "provider[\"registry.terraform.io/hashicorp/google\"]",
      "instances": [
        {
          "schema_version": 0,
          "attributes": {
            "access": [
              {
                "condition": [],
                "dataset": [],
                "domain": "",
                "group_by_email": "",
                "iam_member": "",
                "role": "OWNER",
                "routine": [],
                "special_group": "",
                "user_by_email": "eduardomartinezagrelo@gmail.com",
                "view": []
              },
              {
                "condition": [],
                "dataset": [],
                "domain": "",
                "group_by_email": "",
                "iam_member": "",
                "role": "OWNER",
                "routine": [],
                "special_group": "projectOwners",
                "user_by_email": "",
                "view": []
              },
              {
                "condition": [],
                "dataset": [],
                "domain": "",
                "group_by_email": "",
                "iam_member": "",
                "role": "READER",
                "routine": [],
                "special_group": "projectReaders",
                "user_by_email": "",
                "view": []
              },
              {
                "condition": [],
                "dataset": [],
                "domain": "",
                "group_by_email": "",
                "iam_member": "",
                "role": "WRITER",
                "routine": [],
                "special_group": "projectWriters",
                "user_by_email": "",
                "view": []
              }
            ],
            "creation_time": 1782920006158,
            "dataset_id": "lab07_dataset",
            "default_collation": "",
            "default_encryption_configuration": [],
            "default_partition_expiration_ms": 0,
            "default_table_expiration_ms": 360000000,
            "delete_contents_on_destroy": false,
            "deletion_policy": "DELETE",
            "description": "Dataset para pruebas de Seguridad y Gobernanza",
            "effective_labels": {
              "goog-terraform-provisioned": "true"
            },
            "etag": "L5qGW3XhMr3XEIhT6HN+yA==",
            "external_catalog_dataset_options": [],
            "external_dataset_reference": [],
            "friendly_name": "Lab 07 Dataset",
            "id": "projects/curso-gcp-bigquery/datasets/lab07_dataset",
            "is_case_insensitive": false,
            "labels": null,
            "last_modified_time": 1782920006158,
            "location": "US",
            "max_time_travel_hours": "168",
            "project": "curso-gcp-bigquery",
            "resource_tags": null,
            "self_link": "https://bigquery.googleapis.com/bigquery/v2/projects/curso-gcp-bigquery/datasets/lab07_dataset",
            "storage_billing_model": "",
            "terraform_labels": {
              "goog-terraform-provisioned": "true"
            },
            "timeouts": null
          },
          "sensitive_attributes": [],
          "identity_schema_version": 1,
          "identity": {
            "dataset_id": "lab07_dataset",
            "project": "curso-gcp-bigquery"
          },
          "private": "eyJlMmJmYjczMC1lY2FhLTExZTYtOGY4OC0zNDM2M2JjN2M0YzAiOnsiY3JlYXRlIjoxMjAwMDAwMDAwMDAwLCJkZWxldGUiOjEyMDAwMDAwMDAwMDAsInVwZGF0ZSI6MTIwMDAwMDAwMDAwMH19"
        }
      ]
    },
    {
      "mode": "managed",
      "type": "google_bigquery_row_access_policy",
      "name": "admin_policy",
      "provider": "provider[\"registry.terraform.io/hashicorp/google\"]",
      "instances": [
        {
          "schema_version": 0,
          "attributes": {
            "creation_time": "2026-07-01T15:33:53.619191Z",
            "dataset_id": "lab07_dataset",
            "deletion_policy": "DELETE",
            "filter_predicate": "true",
            "grantees": [
              "user:eduardomartinezagrelo@gmail.com"
            ],
            "id": "projects/curso-gcp-bigquery/datasets/lab07_dataset/tables/employee_data/rowAccessPolicies/admin_all_access",
            "last_modified_time": "2026-07-01T15:33:53.619191Z",
            "policy_id": "admin_all_access",
            "project": "curso-gcp-bigquery",
            "table_id": "employee_data",
            "timeouts": null
          },
          "sensitive_attributes": [],
          "identity_schema_version": 0,
          "private": "eyJlMmJmYjczMC1lY2FhLTExZTYtOGY4OC0zNDM2M2JjN2M0YzAiOnsiY3JlYXRlIjoxMjAwMDAwMDAwMDAwLCJkZWxldGUiOjEyMDAwMDAwMDAwMDAsInVwZGF0ZSI6MTIwMDAwMDAwMDAwMH19",
          "dependencies": [
            "google_bigquery_dataset.dataset",
            "google_bigquery_table.employee_data",
            "google_data_catalog_policy_tag.pii_sensitive",
            "google_data_catalog_taxonomy.security_taxonomy",
            "google_project_service.datacatalog_api"
          ]
        }
      ]
    },
    {
      "mode": "managed",
      "type": "google_bigquery_row_access_policy",
      "name": "eu_analyst_policy",
      "provider": "provider[\"registry.terraform.io/hashicorp/google\"]",
      "instances": [
        {
          "schema_version": 0,
          "attributes": {
            "creation_time": "2026-07-01T15:33:53.306713Z",
            "dataset_id": "lab07_dataset",
            "deletion_policy": "DELETE",
            "filter_predicate": "region = 'EU'",
            "grantees": [
              "serviceAccount:eu-analyst@curso-gcp-bigquery.iam.gserviceaccount.com"
            ],
            "id": "projects/curso-gcp-bigquery/datasets/lab07_dataset/tables/employee_data/rowAccessPolicies/eu_only_filter",
            "last_modified_time": "2026-07-01T15:33:53.306713Z",
            "policy_id": "eu_only_filter",
            "project": "curso-gcp-bigquery",
            "table_id": "employee_data",
            "timeouts": null
          },
          "sensitive_attributes": [],
          "identity_schema_version": 0,
          "private": "eyJlMmJmYjczMC1lY2FhLTExZTYtOGY4OC0zNDM2M2JjN2M0YzAiOnsiY3JlYXRlIjoxMjAwMDAwMDAwMDAwLCJkZWxldGUiOjEyMDAwMDAwMDAwMDAsInVwZGF0ZSI6MTIwMDAwMDAwMDAwMH19",
          "dependencies": [
            "google_bigquery_dataset.dataset",
            "google_bigquery_table.employee_data",
            "google_data_catalog_policy_tag.pii_sensitive",
            "google_data_catalog_taxonomy.security_taxonomy",
            "google_project_service.datacatalog_api",
            "google_service_account.eu_analyst"
          ]
        }
      ]
    },
    {
      "mode": "managed",
      "type": "google_bigquery_table",
      "name": "employee_data",
      "provider": "provider[\"registry.terraform.io/hashicorp/google\"]",
      "instances": [
        {
          "schema_version": 0,
          "attributes": {
            "biglake_configuration": [],
            "clustering": null,
            "creation_time": 1782920031629,
            "dataset_id": "lab07_dataset",
            "deletion_policy": "DELETE",
            "deletion_protection": true,
            "description": "",
            "effective_labels": {
              "goog-terraform-provisioned": "true"
            },
            "encryption_configuration": [],
            "etag": "W3LPrsL8urzMiDlDrnulmw==",
            "expiration_time": 1783280031629,
            "external_catalog_table_options": [],
            "external_data_configuration": [],
            "friendly_name": "",
            "generated_schema_columns": "",
            "id": "projects/curso-gcp-bigquery/datasets/lab07_dataset/tables/employee_data",
            "ignore_auto_generated_schema": false,
            "ignore_schema_changes": null,
            "labels": null,
            "last_modified_time": 1782920031874,
            "location": "US",
            "materialized_view": [],
            "max_staleness": "",
            "num_bytes": 0,
            "num_long_term_bytes": 0,
            "num_rows": 0,
            "project": "curso-gcp-bigquery",
            "range_partitioning": [],
            "require_partition_filter": false,
            "resource_tags": null,
            "schema": "[{\"mode\":\"REQUIRED\",\"name\":\"emp_id\",\"type\":\"INTEGER\"},{\"mode\":\"REQUIRED\",\"name\":\"name\",\"type\":\"STRING\"},{\"mode\":\"NULLABLE\",\"name\":\"email\",\"type\":\"STRING\"},{\"mode\":\"REQUIRED\",\"name\":\"ssn\",\"policyTags\":{\"names\":[\"projects/curso-gcp-bigquery/locations/us/taxonomies/6611196846211266809/policyTags/1042350359853049280\"]},\"type\":\"STRING\"},{\"mode\":\"NULLABLE\",\"name\":\"salary\",\"type\":\"FLOAT\"},{\"mode\":\"REQUIRED\",\"name\":\"region\",\"type\":\"STRING\"}]",
            "schema_foreign_type_info": [],
            "self_link": "https://bigquery.googleapis.com/bigquery/v2/projects/curso-gcp-bigquery/datasets/lab07_dataset/tables/employee_data",
            "table_constraints": [],
            "table_id": "employee_data",
            "table_metadata_view": null,
            "table_replication_info": [],
            "terraform_labels": {
              "goog-terraform-provisioned": "true"
            },
            "time_partitioning": [],
            "type": "TABLE",
            "view": []
          },
          "sensitive_attributes": [],
          "identity_schema_version": 0,
          "private": "bnVsbA==",
          "dependencies": [
            "google_bigquery_dataset.dataset",
            "google_data_catalog_policy_tag.pii_sensitive",
            "google_data_catalog_taxonomy.security_taxonomy",
            "google_project_service.datacatalog_api"
          ]
        }
      ]
    },
    {
      "mode": "managed",
      "type": "google_data_catalog_policy_tag",
      "name": "pii_sensitive",
      "provider": "provider[\"registry.terraform.io/hashicorp/google\"]",
      "instances": [
        {
          "schema_version": 0,
          "attributes": {
            "child_policy_tags": [],
            "deletion_policy": "DELETE",
            "description": "Etiqueta para datos como SSN o contraseñas",
            "display_name": "PII Altamente Sensible",
            "id": "projects/curso-gcp-bigquery/locations/us/taxonomies/6611196846211266809/policyTags/1042350359853049280",
            "name": "projects/curso-gcp-bigquery/locations/us/taxonomies/6611196846211266809/policyTags/1042350359853049280",
            "parent_policy_tag": "",
            "taxonomy": "projects/curso-gcp-bigquery/locations/us/taxonomies/6611196846211266809",
            "timeouts": null
          },
          "sensitive_attributes": [],
          "identity_schema_version": 0,
          "private": "eyJlMmJmYjczMC1lY2FhLTExZTYtOGY4OC0zNDM2M2JjN2M0YzAiOnsiY3JlYXRlIjoxMjAwMDAwMDAwMDAwLCJkZWxldGUiOjEyMDAwMDAwMDAwMDAsInVwZGF0ZSI6MTIwMDAwMDAwMDAwMH19",
          "dependencies": [
            "google_data_catalog_taxonomy.security_taxonomy",
            "google_project_service.datacatalog_api"
          ]
        }
      ]
    },
    {
      "mode": "managed",
      "type": "google_data_catalog_taxonomy",
      "name": "security_taxonomy",
      "provider": "provider[\"registry.terraform.io/hashicorp/google\"]",
      "instances": [
        {
          "schema_version": 0,
          "attributes": {
            "activated_policy_types": [
              "FINE_GRAINED_ACCESS_CONTROL"
            ],
            "deletion_policy": "DELETE",
            "description": "Clasificacion de datos PII y confidenciales",
            "display_name": "Taxonomia de Seguridad Lab 07",
            "id": "projects/curso-gcp-bigquery/locations/us/taxonomies/6611196846211266809",
            "name": "projects/curso-gcp-bigquery/locations/us/taxonomies/6611196846211266809",
            "project": "curso-gcp-bigquery",
            "region": "us",
            "timeouts": null
          },
          "sensitive_attributes": [],
          "identity_schema_version": 1,
          "identity": {
            "name": "projects/curso-gcp-bigquery/locations/us/taxonomies/6611196846211266809"
          },
          "private": "eyJlMmJmYjczMC1lY2FhLTExZTYtOGY4OC0zNDM2M2JjN2M0YzAiOnsiY3JlYXRlIjoxMjAwMDAwMDAwMDAwLCJkZWxldGUiOjEyMDAwMDAwMDAwMDAsInVwZGF0ZSI6MTIwMDAwMDAwMDAwMH19",
          "dependencies": [
            "google_project_service.datacatalog_api"
          ]
        }
      ]
    },
    {
      "mode": "managed",
      "type": "google_project_iam_member",
      "name": "bq_data_viewer",
      "provider": "provider[\"registry.terraform.io/hashicorp/google\"]",
      "instances": [
        {
          "schema_version": 0,
          "attributes": {
            "condition": [],
            "etag": "BwZVjmqkO7c=",
            "id": "curso-gcp-bigquery/roles/bigquery.dataViewer/serviceAccount:eu-analyst@curso-gcp-bigquery.iam.gserviceaccount.com",
            "member": "serviceAccount:eu-analyst@curso-gcp-bigquery.iam.gserviceaccount.com",
            "project": "curso-gcp-bigquery",
            "role": "roles/bigquery.dataViewer"
          },
          "sensitive_attributes": [],
          "identity_schema_version": 1,
          "identity": {
            "condition_title": null,
            "member": "serviceAccount:eu-analyst@curso-gcp-bigquery.iam.gserviceaccount.com",
            "project": "curso-gcp-bigquery",
            "role": "roles/bigquery.dataViewer"
          },
          "private": "bnVsbA==",
          "dependencies": [
            "google_service_account.eu_analyst"
          ]
        }
      ]
    },
    {
      "mode": "managed",
      "type": "google_project_iam_member",
      "name": "bq_viewer",
      "provider": "provider[\"registry.terraform.io/hashicorp/google\"]",
      "instances": [
        {
          "schema_version": 0,
          "attributes": {
            "condition": [],
            "etag": "BwZVjmqkO7c=",
            "id": "curso-gcp-bigquery/roles/bigquery.user/serviceAccount:eu-analyst@curso-gcp-bigquery.iam.gserviceaccount.com",
            "member": "serviceAccount:eu-analyst@curso-gcp-bigquery.iam.gserviceaccount.com",
            "project": "curso-gcp-bigquery",
            "role": "roles/bigquery.user"
          },
          "sensitive_attributes": [],
          "identity_schema_version": 1,
          "identity": {
            "condition_title": null,
            "member": "serviceAccount:eu-analyst@curso-gcp-bigquery.iam.gserviceaccount.com",
            "project": "curso-gcp-bigquery",
            "role": "roles/bigquery.user"
          },
          "private": "bnVsbA==",
          "dependencies": [
            "google_service_account.eu_analyst"
          ]
        }
      ]
    },
    {
      "mode": "managed",
      "type": "google_project_service",
      "name": "datacatalog_api",
      "provider": "provider[\"registry.terraform.io/hashicorp/google\"]",
      "instances": [
        {
          "schema_version": 0,
          "attributes": {
            "deletion_policy": "DELETE",
            "disable_dependent_services": null,
            "disable_on_destroy": false,
            "id": "curso-gcp-bigquery/datacatalog.googleapis.com",
            "project": "curso-gcp-bigquery",
            "service": "datacatalog.googleapis.com",
            "timeouts": null
          },
          "sensitive_attributes": [],
          "identity_schema_version": 1,
          "identity": {
            "project": "curso-gcp-bigquery",
            "service": "datacatalog.googleapis.com"
          },
          "private": "eyJlMmJmYjczMC1lY2FhLTExZTYtOGY4OC0zNDM2M2JjN2M0YzAiOnsiY3JlYXRlIjoxMjAwMDAwMDAwMDAwLCJkZWxldGUiOjEyMDAwMDAwMDAwMDAsInJlYWQiOjYwMDAwMDAwMDAwMCwidXBkYXRlIjoxMjAwMDAwMDAwMDAwfX0="
        }
      ]
    },
    {
      "mode": "managed",
      "type": "google_service_account",
      "name": "eu_analyst",
      "provider": "provider[\"registry.terraform.io/hashicorp/google\"]",
      "instances": [
        {
          "schema_version": 0,
          "attributes": {
            "account_id": "eu-analyst",
            "create_ignore_already_exists": null,
            "deletion_policy": "DELETE",
            "description": "",
            "disabled": false,
            "display_name": "EU Data Analyst",
            "email": "eu-analyst@curso-gcp-bigquery.iam.gserviceaccount.com",
            "id": "projects/curso-gcp-bigquery/serviceAccounts/eu-analyst@curso-gcp-bigquery.iam.gserviceaccount.com",
            "member": "serviceAccount:eu-analyst@curso-gcp-bigquery.iam.gserviceaccount.com",
            "name": "projects/curso-gcp-bigquery/serviceAccounts/eu-analyst@curso-gcp-bigquery.iam.gserviceaccount.com",
            "project": "curso-gcp-bigquery",
            "timeouts": null,
            "unique_id": "107845982874043165961"
          },
          "sensitive_attributes": [],
          "identity_schema_version": 1,
          "identity": {
            "email": "eu-analyst@curso-gcp-bigquery.iam.gserviceaccount.com",
            "project": "curso-gcp-bigquery"
          },
          "private": "eyJlMmJmYjczMC1lY2FhLTExZTYtOGY4OC0zNDM2M2JjN2M0YzAiOnsiY3JlYXRlIjozMDAwMDAwMDAwMDB9fQ=="
        }
      ]
    }
  ],
  "check_results": null
}
