{
  "version": 4,
  "terraform_version": "1.15.7",
  "serial": 15,
  "lineage": "12265002-574f-2528-fd7b-54139c129068",
  "outputs": {},
  "resources": [
    {
      "mode": "data",
      "type": "google_project",
      "name": "project",
      "provider": "provider[\"registry.terraform.io/hashicorp/google\"]",
      "instances": [
        {
          "schema_version": 0,
          "attributes": {
            "auto_create_network": null,
            "billing_account": "01A0B3-E21285-0F3FF3",
            "deletion_policy": "PREVENT",
            "effective_labels": {},
            "folder_id": null,
            "id": "projects/curso-gcp-bigquery",
            "labels": {},
            "name": "curso-gcp-bigquery",
            "number": "689268403227",
            "org_id": null,
            "project_id": "curso-gcp-bigquery",
            "tags": null,
            "terraform_labels": {}
          },
          "sensitive_attributes": [],
          "identity_schema_version": 0
        }
      ]
    },
    {
      "mode": "managed",
      "type": "google_bigquery_dataset",
      "name": "dataset",
      "provider": "provider[\"registry.terraform.io/hashicorp/google\"]",
      "instances": [
        {
          "schema_version": 0,
          "attributes": {
            "access": [
              {
                "condition": [],
                "dataset": [],
                "domain": "",
                "group_by_email": "",
                "iam_member": "",
                "role": "OWNER",
                "routine": [],
                "special_group": "",
                "user_by_email": "eduardomartinezagrelo@gmail.com",
                "view": []
              },
              {
                "condition": [],
                "dataset": [],
                "domain": "",
                "group_by_email": "",
                "iam_member": "",
                "role": "OWNER",
                "routine": [],
                "special_group": "projectOwners",
                "user_by_email": "",
                "view": []
              },
              {
                "condition": [],
                "dataset": [],
                "domain": "",
                "group_by_email": "",
                "iam_member": "",
                "role": "READER",
                "routine": [],
                "special_group": "projectReaders",
                "user_by_email": "",
                "view": []
              },
              {
                "condition": [],
                "dataset": [],
                "domain": "",
                "group_by_email": "",
                "iam_member": "",
                "role": "WRITER",
                "routine": [],
                "special_group": "projectWriters",
                "user_by_email": "",
                "view": []
              }
            ],
            "creation_time": 1782920979370,
            "dataset_id": "lab08_dataset",
            "default_collation": "",
            "default_encryption_configuration": [],
            "default_partition_expiration_ms": 0,
            "default_table_expiration_ms": 360000000,
            "delete_contents_on_destroy": false,
            "deletion_policy": "DELETE",
            "description": "Dataset para ingesta en tiempo real con Pub/Sub",
            "effective_labels": {},
            "etag": "ErJreCCe1WKuXdRKCTxJ5Q==",
            "external_catalog_dataset_options": [],
            "external_dataset_reference": [],
            "friendly_name": "Lab 08 Dataset",
            "id": "projects/curso-gcp-bigquery/datasets/lab08_dataset",
            "is_case_insensitive": false,
            "labels": {},
            "last_modified_time": 1782920979370,
            "location": "US",
            "max_time_travel_hours": "168",
            "project": "curso-gcp-bigquery",
            "resource_tags": {},
            "self_link": "https://bigquery.googleapis.com/bigquery/v2/projects/curso-gcp-bigquery/datasets/lab08_dataset",
            "storage_billing_model": "",
            "terraform_labels": {},
            "timeouts": null
          },
          "sensitive_attributes": [],
          "identity_schema_version": 1,
          "identity": {
            "dataset_id": "lab08_dataset",
            "project": "curso-gcp-bigquery"
          },
          "private": "eyJlMmJmYjczMC1lY2FhLTExZTYtOGY4OC0zNDM2M2JjN2M0YzAiOnsiY3JlYXRlIjoxMjAwMDAwMDAwMDAwLCJkZWxldGUiOjEyMDAwMDAwMDAwMDAsInVwZGF0ZSI6MTIwMDAwMDAwMDAwMH19"
        }
      ]
    },
    {
      "mode": "managed",
      "type": "google_bigquery_table",
      "name": "realtime_events",
      "provider": "provider[\"registry.terraform.io/hashicorp/google\"]",
      "instances": [
        {
          "schema_version": 0,
          "attributes": {
            "biglake_configuration": [],
            "clustering": null,
            "creation_time": 1782920980039,
            "dataset_id": "lab08_dataset",
            "deletion_policy": "DELETE",
            "deletion_protection": true,
            "description": "",
            "effective_labels": {},
            "encryption_configuration": [],
            "etag": "4aDo5Ep1YJiphvkVcQ6sFQ==",
            "expiration_time": 1783280980039,
            "external_catalog_table_options": [],
            "external_data_configuration": [],
            "friendly_name": "",
            "generated_schema_columns": "",
            "id": "projects/curso-gcp-bigquery/datasets/lab08_dataset/tables/realtime_events",
            "ignore_auto_generated_schema": null,
            "ignore_schema_changes": null,
            "labels": {},
            "last_modified_time": 1782920980163,
            "location": "US",
            "materialized_view": [],
            "max_staleness": "",
            "num_bytes": 0,
            "num_long_term_bytes": 0,
            "num_rows": 0,
            "project": "curso-gcp-bigquery",
            "range_partitioning": [],
            "require_partition_filter": false,
            "resource_tags": {},
            "schema": "[{\"mode\":\"REQUIRED\",\"name\":\"event_id\",\"type\":\"STRING\"},{\"mode\":\"REQUIRED\",\"name\":\"event_type\",\"type\":\"STRING\"},{\"mode\":\"REQUIRED\",\"name\":\"user_id\",\"type\":\"STRING\"},{\"mode\":\"REQUIRED\",\"name\":\"timestamp\",\"type\":\"TIMESTAMP\"}]",
            "schema_foreign_type_info": [],
            "self_link": "https://bigquery.googleapis.com/bigquery/v2/projects/curso-gcp-bigquery/datasets/lab08_dataset/tables/realtime_events",
            "table_constraints": [],
            "table_id": "realtime_events",
            "table_metadata_view": null,
            "table_replication_info": [],
            "terraform_labels": {},
            "time_partitioning": [],
            "type": "TABLE",
            "view": []
          },
          "sensitive_attributes": [],
          "identity_schema_version": 0,
          "private": "bnVsbA==",
          "dependencies": [
            "google_bigquery_dataset.dataset"
          ]
        }
      ]
    },
    {
      "mode": "managed",
      "type": "google_project_iam_member",
      "name": "pubsub_bq_editor",
      "provider": "provider[\"registry.terraform.io/hashicorp/google\"]",
      "instances": [
        {
          "schema_version": 0,
          "attributes": {
            "condition": [],
            "etag": "BwZVjrjZaZ0=",
            "id": "curso-gcp-bigquery/roles/bigquery.dataEditor/serviceAccount:service-689268403227@gcp-sa-pubsub.iam.gserviceaccount.com",
            "member": "serviceAccount:service-689268403227@gcp-sa-pubsub.iam.gserviceaccount.com",
            "project": "curso-gcp-bigquery",
            "role": "roles/bigquery.dataEditor"
          },
          "sensitive_attributes": [],
          "identity_schema_version": 1,
          "identity": {
            "condition_title": null,
            "member": "serviceAccount:service-689268403227@gcp-sa-pubsub.iam.gserviceaccount.com",
            "project": "curso-gcp-bigquery",
            "role": "roles/bigquery.dataEditor"
          },
          "private": "bnVsbA==",
          "dependencies": [
            "google_project_service_identity.pubsub_agent"
          ]
        }
      ]
    },
    {
      "mode": "managed",
      "type": "google_project_iam_member",
      "name": "pubsub_bq_viewer",
      "provider": "provider[\"registry.terraform.io/hashicorp/google\"]",
      "instances": [
        {
          "schema_version": 0,
          "attributes": {
            "condition": [],
            "etag": "BwZVjrjZaZ0=",
            "id": "curso-gcp-bigquery/roles/bigquery.metadataViewer/serviceAccount:service-689268403227@gcp-sa-pubsub.iam.gserviceaccount.com",
            "member": "serviceAccount:service-689268403227@gcp-sa-pubsub.iam.gserviceaccount.com",
            "project": "curso-gcp-bigquery",
            "role": "roles/bigquery.metadataViewer"
          },
          "sensitive_attributes": [],
          "identity_schema_version": 1,
          "identity": {
            "condition_title": null,
            "member": "serviceAccount:service-689268403227@gcp-sa-pubsub.iam.gserviceaccount.com",
            "project": "curso-gcp-bigquery",
            "role": "roles/bigquery.metadataViewer"
          },
          "private": "bnVsbA==",
          "dependencies": [
            "google_project_service_identity.pubsub_agent"
          ]
        }
      ]
    },
    {
      "mode": "managed",
      "type": "google_project_service_identity",
      "name": "pubsub_agent",
      "provider": "provider[\"registry.terraform.io/hashicorp/google-beta\"]",
      "instances": [
        {
          "schema_version": 0,
          "attributes": {
            "email": "service-689268403227@gcp-sa-pubsub.iam.gserviceaccount.com",
            "id": "projects/curso-gcp-bigquery/services/pubsub.googleapis.com",
            "member": "serviceAccount:service-689268403227@gcp-sa-pubsub.iam.gserviceaccount.com",
            "project": "curso-gcp-bigquery",
            "service": "pubsub.googleapis.com",
            "timeouts": null
          },
          "sensitive_attributes": [],
          "identity_schema_version": 0,
          "private": "eyJlMmJmYjczMC1lY2FhLTExZTYtOGY4OC0zNDM2M2JjN2M0YzAiOnsiY3JlYXRlIjoxMjAwMDAwMDAwMDAwLCJkZWxldGUiOjEyMDAwMDAwMDAwMDAsInJlYWQiOjYwMDAwMDAwMDAwMH19"
        }
      ]
    },
    {
      "mode": "managed",
      "type": "google_pubsub_subscription",
      "name": "realtime_bq_sub",
      "provider": "provider[\"registry.terraform.io/hashicorp/google\"]",
      "instances": [
        {
          "schema_version": 0,
          "attributes": {
            "ack_deadline_seconds": 10,
            "bigquery_config": [
              {
                "drop_unknown_fields": true,
                "service_account_email": "",
                "table": "curso-gcp-bigquery.lab08_dataset.realtime_events",
                "use_table_schema": true,
                "use_topic_schema": false,
                "write_metadata": false
              }
            ],
            "cloud_storage_config": [],
            "dead_letter_policy": [],
            "deletion_policy": "DELETE",
            "effective_labels": {
              "goog-terraform-provisioned": "true"
            },
            "enable_exactly_once_delivery": false,
            "enable_message_ordering": false,
            "expiration_policy": [
              {
                "ttl": "2678400s"
              }
            ],
            "filter": "",
            "id": "projects/curso-gcp-bigquery/subscriptions/realtime-bq-sub",
            "labels": null,
            "message_retention_duration": "604800s",
            "message_transforms": [],
            "name": "realtime-bq-sub",
            "project": "curso-gcp-bigquery",
            "push_config": [],
            "retain_acked_messages": false,
            "retry_policy": [],
            "tags": null,
            "terraform_labels": {
              "goog-terraform-provisioned": "true"
            },
            "timeouts": null,
            "topic": "projects/curso-gcp-bigquery/topics/realtime-topic"
          },
          "sensitive_attributes": [],
          "identity_schema_version": 1,
          "identity": {
            "name": "realtime-bq-sub",
            "project": "curso-gcp-bigquery"
          },
          "private": "eyJlMmJmYjczMC1lY2FhLTExZTYtOGY4OC0zNDM2M2JjN2M0YzAiOnsiY3JlYXRlIjoxMjAwMDAwMDAwMDAwLCJkZWxldGUiOjEyMDAwMDAwMDAwMDAsInVwZGF0ZSI6MTIwMDAwMDAwMDAwMH19",
          "dependencies": [
            "google_bigquery_dataset.dataset",
            "google_bigquery_table.realtime_events",
            "google_project_iam_member.pubsub_bq_editor",
            "google_project_iam_member.pubsub_bq_viewer",
            "google_project_service_identity.pubsub_agent",
            "google_pubsub_topic.realtime_topic"
          ]
        }
      ]
    },
    {
      "mode": "managed",
      "type": "google_pubsub_topic",
      "name": "realtime_topic",
      "provider": "provider[\"registry.terraform.io/hashicorp/google\"]",
      "instances": [
        {
          "schema_version": 0,
          "attributes": {
            "deletion_policy": "DELETE",
            "effective_labels": {},
            "id": "projects/curso-gcp-bigquery/topics/realtime-topic",
            "ingestion_data_source_settings": [],
            "kms_key_name": "",
            "labels": {},
            "message_retention_duration": "",
            "message_storage_policy": [],
            "message_transforms": [],
            "name": "realtime-topic",
            "project": "curso-gcp-bigquery",
            "schema_settings": [],
            "tags": null,
            "terraform_labels": {},
            "timeouts": null
          },
          "sensitive_attributes": [],
          "identity_schema_version": 1,
          "identity": {
            "name": "realtime-topic",
            "project": "curso-gcp-bigquery"
          },
          "private": "eyJlMmJmYjczMC1lY2FhLTExZTYtOGY4OC0zNDM2M2JjN2M0YzAiOnsiY3JlYXRlIjoxMjAwMDAwMDAwMDAwLCJkZWxldGUiOjEyMDAwMDAwMDAwMDAsInVwZGF0ZSI6MTIwMDAwMDAwMDAwMH19"
        }
      ]
    }
  ],
  "check_results": null
}
