{
  "version": 4,
  "terraform_version": "1.15.7",
  "serial": 3,
  "lineage": "d18c8d17-0fe6-b181-adb0-4f57ab35dcac",
  "outputs": {},
  "resources": [
    {
      "mode": "managed",
      "type": "google_bigquery_dataset",
      "name": "dataset",
      "provider": "provider[\"registry.terraform.io/hashicorp/google\"]",
      "instances": [
        {
          "schema_version": 0,
          "attributes": {
            "access": [
              {
                "dataset": [],
                "domain": "",
                "group_by_email": "",
                "iam_member": "",
                "role": "OWNER",
                "routine": [],
                "special_group": "",
                "user_by_email": "eduardomartinezagrelo@gmail.com",
                "view": []
              },
              {
                "dataset": [],
                "domain": "",
                "group_by_email": "",
                "iam_member": "",
                "role": "OWNER",
                "routine": [],
                "special_group": "projectOwners",
                "user_by_email": "",
                "view": []
              },
              {
                "dataset": [],
                "domain": "",
                "group_by_email": "",
                "iam_member": "",
                "role": "READER",
                "routine": [],
                "special_group": "projectReaders",
                "user_by_email": "",
                "view": []
              },
              {
                "dataset": [],
                "domain": "",
                "group_by_email": "",
                "iam_member": "",
                "role": "WRITER",
                "routine": [],
                "special_group": "projectWriters",
                "user_by_email": "",
                "view": []
              }
            ],
            "creation_time": 1782755609469,
            "dataset_id": "lab04_dataset",
            "default_collation": "",
            "default_encryption_configuration": [],
            "default_partition_expiration_ms": 0,
            "default_table_expiration_ms": 360000000,
            "delete_contents_on_destroy": false,
            "description": "Dataset para pruebas de Particionado y Clustering",
            "effective_labels": {},
            "etag": "DscGe3DEGudUdD1ULtXEgw==",
            "external_dataset_reference": [],
            "friendly_name": "Lab 04 Dataset",
            "id": "projects/curso-gcp-bigquery/datasets/lab04_dataset",
            "is_case_insensitive": false,
            "labels": null,
            "last_modified_time": 1782755609469,
            "location": "US",
            "max_time_travel_hours": "168",
            "project": "curso-gcp-bigquery",
            "resource_tags": null,
            "self_link": "https://bigquery.googleapis.com/bigquery/v2/projects/curso-gcp-bigquery/datasets/lab04_dataset",
            "storage_billing_model": "",
            "terraform_labels": {},
            "timeouts": null
          },
          "sensitive_attributes": [],
          "identity_schema_version": 0,
          "private": "eyJlMmJmYjczMC1lY2FhLTExZTYtOGY4OC0zNDM2M2JjN2M0YzAiOnsiY3JlYXRlIjoxMjAwMDAwMDAwMDAwLCJkZWxldGUiOjEyMDAwMDAwMDAwMDAsInVwZGF0ZSI6MTIwMDAwMDAwMDAwMH19"
        }
      ]
    },
    {
      "mode": "managed",
      "type": "google_bigquery_table",
      "name": "transactions_optimized",
      "provider": "provider[\"registry.terraform.io/hashicorp/google\"]",
      "instances": [
        {
          "schema_version": 0,
          "attributes": {
            "allow_resource_tags_on_deletion": false,
            "clustering": [
              "store_id"
            ],
            "creation_time": 1782755610513,
            "dataset_id": "lab04_dataset",
            "deletion_protection": true,
            "description": "",
            "effective_labels": {},
            "encryption_configuration": [],
            "etag": "2ysneMWxDPS3FasgGvjg5Q==",
            "expiration_time": 1783115610513,
            "external_data_configuration": [],
            "friendly_name": "",
            "id": "projects/curso-gcp-bigquery/datasets/lab04_dataset/tables/transactions_optimized",
            "labels": null,
            "last_modified_time": 1782755610663,
            "location": "US",
            "materialized_view": [],
            "max_staleness": "",
            "num_bytes": 0,
            "num_long_term_bytes": 0,
            "num_rows": 0,
            "project": "curso-gcp-bigquery",
            "range_partitioning": [],
            "require_partition_filter": false,
            "resource_tags": null,
            "schema": "[{\"mode\":\"REQUIRED\",\"name\":\"transaction_id\",\"type\":\"INTEGER\"},{\"mode\":\"REQUIRED\",\"name\":\"customer_id\",\"type\":\"STRING\"},{\"mode\":\"REQUIRED\",\"name\":\"transaction_date\",\"type\":\"DATE\"},{\"mode\":\"NULLABLE\",\"name\":\"amount\",\"type\":\"FLOAT\"},{\"mode\":\"NULLABLE\",\"name\":\"store_id\",\"type\":\"STRING\"}]",
            "self_link": "https://bigquery.googleapis.com/bigquery/v2/projects/curso-gcp-bigquery/datasets/lab04_dataset/tables/transactions_optimized",
            "table_constraints": [],
            "table_id": "transactions_optimized",
            "table_replication_info": [],
            "terraform_labels": {},
            "time_partitioning": [
              {
                "expiration_ms": 0,
                "field": "transaction_date",
                "require_partition_filter": false,
                "type": "DAY"
              }
            ],
            "type": "TABLE",
            "view": []
          },
          "sensitive_attributes": [],
          "identity_schema_version": 0,
          "private": "bnVsbA==",
          "dependencies": [
            "google_bigquery_dataset.dataset"
          ]
        }
      ]
    }
  ],
  "check_results": null
}
