{
  "version": 4,
  "terraform_version": "1.15.7",
  "serial": 6,
  "lineage": "3d13f1ab-ca6c-d4bf-e7b3-706409fbea80",
  "outputs": {},
  "resources": [
    {
      "mode": "managed",
      "type": "google_bigquery_dataset",
      "name": "dataset",
      "provider": "provider[\"registry.terraform.io/hashicorp/google\"]",
      "instances": [
        {
          "schema_version": 0,
          "attributes": {
            "access": [
              {
                "dataset": [],
                "domain": "",
                "group_by_email": "",
                "iam_member": "",
                "role": "OWNER",
                "routine": [],
                "special_group": "",
                "user_by_email": "eduardomartinezagrelo@gmail.com",
                "view": []
              },
              {
                "dataset": [],
                "domain": "",
                "group_by_email": "",
                "iam_member": "",
                "role": "OWNER",
                "routine": [],
                "special_group": "projectOwners",
                "user_by_email": "",
                "view": []
              },
              {
                "dataset": [],
                "domain": "",
                "group_by_email": "",
                "iam_member": "",
                "role": "READER",
                "routine": [],
                "special_group": "projectReaders",
                "user_by_email": "",
                "view": []
              },
              {
                "dataset": [],
                "domain": "",
                "group_by_email": "",
                "iam_member": "",
                "role": "WRITER",
                "routine": [],
                "special_group": "projectWriters",
                "user_by_email": "",
                "view": []
              }
            ],
            "creation_time": 1782754903845,
            "dataset_id": "lab03_dataset",
            "default_collation": "",
            "default_encryption_configuration": [],
            "default_partition_expiration_ms": 0,
            "default_table_expiration_ms": 3600000000,
            "delete_contents_on_destroy": false,
            "description": "Dataset para pruebas de Tablas Externas",
            "effective_labels": {},
            "etag": "OZOiM2935VZykPgn48OuPw==",
            "external_dataset_reference": [],
            "friendly_name": "Lab 03 Dataset",
            "id": "projects/curso-gcp-bigquery/datasets/lab03_dataset",
            "is_case_insensitive": false,
            "labels": {},
            "last_modified_time": 1782754903845,
            "location": "US",
            "max_time_travel_hours": "168",
            "project": "curso-gcp-bigquery",
            "resource_tags": {},
            "self_link": "https://bigquery.googleapis.com/bigquery/v2/projects/curso-gcp-bigquery/datasets/lab03_dataset",
            "storage_billing_model": "",
            "terraform_labels": {},
            "timeouts": null
          },
          "sensitive_attributes": [],
          "identity_schema_version": 0,
          "private": "eyJlMmJmYjczMC1lY2FhLTExZTYtOGY4OC0zNDM2M2JjN2M0YzAiOnsiY3JlYXRlIjoxMjAwMDAwMDAwMDAwLCJkZWxldGUiOjEyMDAwMDAwMDAwMDAsInVwZGF0ZSI6MTIwMDAwMDAwMDAwMH19"
        }
      ]
    },
    {
      "mode": "managed",
      "type": "google_bigquery_table",
      "name": "external_web_logs",
      "provider": "provider[\"registry.terraform.io/hashicorp/google\"]",
      "instances": [
        {
          "schema_version": 0,
          "attributes": {
            "allow_resource_tags_on_deletion": false,
            "clustering": null,
            "creation_time": 1782754946076,
            "dataset_id": "lab03_dataset",
            "deletion_protection": true,
            "description": "",
            "effective_labels": {},
            "encryption_configuration": [],
            "etag": "TmyTmD3sPZqt7QS4oHAhhQ==",
            "expiration_time": 1786354946076,
            "external_data_configuration": [
              {
                "autodetect": true,
                "avro_options": [],
                "bigtable_options": [],
                "compression": "NONE",
                "connection_id": "",
                "csv_options": [
                  {
                    "allow_jagged_rows": false,
                    "allow_quoted_newlines": false,
                    "encoding": "UTF-8",
                    "field_delimiter": ",",
                    "quote": "\"",
                    "skip_leading_rows": 1
                  }
                ],
                "file_set_spec_type": "",
                "google_sheets_options": [],
                "hive_partitioning_options": [],
                "ignore_unknown_values": false,
                "json_extension": "",
                "json_options": [],
                "max_bad_records": 0,
                "metadata_cache_mode": "",
                "object_metadata": "",
                "parquet_options": [],
                "reference_file_schema_uri": "",
                "schema": "",
                "source_format": "CSV",
                "source_uris": [
                  "gs://curso-gcp-bigquery-bq-external-tables-bucket/raw/logs/*.csv"
                ]
              }
            ],
            "friendly_name": "",
            "id": "projects/curso-gcp-bigquery/datasets/lab03_dataset/tables/external_web_logs",
            "labels": null,
            "last_modified_time": 1782754946491,
            "location": "US",
            "materialized_view": [],
            "max_staleness": "",
            "num_bytes": 0,
            "num_long_term_bytes": 0,
            "num_rows": 0,
            "project": "curso-gcp-bigquery",
            "range_partitioning": [],
            "require_partition_filter": false,
            "resource_tags": null,
            "schema": "[{\"mode\":\"NULLABLE\",\"name\":\"log_id\",\"type\":\"INTEGER\"},{\"mode\":\"NULLABLE\",\"name\":\"ip_address\",\"type\":\"STRING\"},{\"mode\":\"NULLABLE\",\"name\":\"timestamp\",\"type\":\"TIMESTAMP\"},{\"mode\":\"NULLABLE\",\"name\":\"request_method\",\"type\":\"STRING\"},{\"mode\":\"NULLABLE\",\"name\":\"response_code\",\"type\":\"INTEGER\"},{\"mode\":\"NULLABLE\",\"name\":\"bytes_sent\",\"type\":\"INTEGER\"}]",
            "self_link": "https://bigquery.googleapis.com/bigquery/v2/projects/curso-gcp-bigquery/datasets/lab03_dataset/tables/external_web_logs",
            "table_constraints": [],
            "table_id": "external_web_logs",
            "table_replication_info": [],
            "terraform_labels": {},
            "time_partitioning": [],
            "type": "EXTERNAL",
            "view": []
          },
          "sensitive_attributes": [],
          "identity_schema_version": 0,
          "private": "bnVsbA==",
          "dependencies": [
            "google_bigquery_dataset.dataset",
            "google_storage_bucket.gcs_bucket"
          ]
        }
      ]
    },
    {
      "mode": "managed",
      "type": "google_storage_bucket",
      "name": "gcs_bucket",
      "provider": "provider[\"registry.terraform.io/hashicorp/google\"]",
      "instances": [
        {
          "schema_version": 2,
          "attributes": {
            "autoclass": [],
            "cors": [],
            "custom_placement_config": [],
            "default_event_based_hold": false,
            "effective_labels": {},
            "enable_object_retention": false,
            "encryption": [],
            "force_destroy": true,
            "id": "curso-gcp-bigquery-bq-external-tables-bucket",
            "labels": {},
            "lifecycle_rule": [
              {
                "action": [
                  {
                    "storage_class": "",
                    "type": "Delete"
                  }
                ],
                "condition": [
                  {
                    "age": 30,
                    "created_before": "",
                    "custom_time_before": "",
                    "days_since_custom_time": 0,
                    "days_since_noncurrent_time": 0,
                    "matches_prefix": [],
                    "matches_storage_class": [],
                    "matches_suffix": [],
                    "no_age": false,
                    "noncurrent_time_before": "",
                    "num_newer_versions": 0,
                    "send_age_if_zero": true,
                    "send_days_since_custom_time_if_zero": false,
                    "send_days_since_noncurrent_time_if_zero": false,
                    "send_num_newer_versions_if_zero": false,
                    "with_state": "ANY"
                  }
                ]
              }
            ],
            "location": "US",
            "logging": [],
            "name": "curso-gcp-bigquery-bq-external-tables-bucket",
            "project": "curso-gcp-bigquery",
            "project_number": 689268403227,
            "public_access_prevention": "inherited",
            "requester_pays": false,
            "retention_policy": [],
            "rpo": "DEFAULT",
            "self_link": "https://www.googleapis.com/storage/v1/b/curso-gcp-bigquery-bq-external-tables-bucket",
            "soft_delete_policy": [
              {
                "effective_time": "2026-06-29T17:41:44.205Z",
                "retention_duration_seconds": 604800
              }
            ],
            "storage_class": "STANDARD",
            "terraform_labels": {},
            "timeouts": null,
            "uniform_bucket_level_access": false,
            "url": "gs://curso-gcp-bigquery-bq-external-tables-bucket",
            "versioning": [],
            "website": []
          },
          "sensitive_attributes": [],
          "identity_schema_version": 0,
          "private": "eyJlMmJmYjczMC1lY2FhLTExZTYtOGY4OC0zNDM2M2JjN2M0YzAiOnsiY3JlYXRlIjo2MDAwMDAwMDAwMDAsInJlYWQiOjI0MDAwMDAwMDAwMCwidXBkYXRlIjoyNDAwMDAwMDAwMDB9LCJzY2hlbWFfdmVyc2lvbiI6IjIifQ=="
        }
      ]
    }
  ],
  "check_results": null
}
